
Microsoft Visual Studio Solution File, Format Version 12.00
# Visual Studio Version 16
VisualStudioVersion = 16.0.33130.400
MinimumVisualStudioVersion = 10.0.40219.1
Project("{FAE04EC0-301F-11D3-BF4B-00C04F79EFBC}") = "BlazorWASM.MovieApp", "BlazorWASM.MovieApp\BlazorWASM.MovieApp.csproj", "{A8C282D6-C87D-44D5-8057-149C8D961203}"
EndProject
Global
	GlobalSection(SolutionConfigurationPlatforms) = preSolution
		Debug|Any CPU = Debug|Any CPU
		Release|Any CPU = Release|Any CPU
	EndGlobalSection
	GlobalSection(ProjectConfigurationPlatforms) = postSolution
		{A8C282D6-C87D-44D5-8057-149C8D961203}.Debug|Any CPU.ActiveCfg = Debug|Any CPU
		{A8C282D6-C87D-44D5-8057-149C8D961203}.Debug|Any CPU.Build.0 = Debug|Any CPU
		{A8C282D6-C87D-44D5-8057-149C8D961203}.Release|Any CPU.ActiveCfg = Release|Any CPU
		{A8C282D6-C87D-44D5-8057-149C8D961203}.Release|Any CPU.Build.0 = Release|Any CPU
	EndGlobalSection
	GlobalSection(SolutionProperties) = preSolution
		HideSolutionNode = FALSE
	EndGlobalSection
	GlobalSection(ExtensibilityGlobals) = postSolution
		SolutionGuid = {8346A65D-8A04-4CC2-9DC6-D0F6C6B96959}
	EndGlobalSection
EndGlobal
